
Microsoft Visual Studio Solution File, Format Version 12.00
# Visual Studio Version 16
VisualStudioVersion = 16.0.31605.320
MinimumVisualStudioVersion = 10.0.40219.1
Project("{FAE04EC0-301F-11D3-BF4B-00C04F79EFBC}") = "Fresh.Android", "Fresh\Fresh.Android\Fresh.Android.csproj", "{D5B7129C-BB90-4299-AF09-D71B39DCB2B7}"
EndProject
Project("{FAE04EC0-301F-11D3-BF4B-00C04F79EFBC}") = "Fresh.iOS", "Fresh\Fresh.iOS\Fresh.iOS.csproj", "{EED19B6B-C5D6-4BB4-B1D8-E00F4198A3AE}"
EndProject
Project("{9A19103F-16F7-4668-BE54-9A1E7A4F7556}") = "Fresh", "Fresh\Fresh\Fresh.csproj", "{16F76D24-06A2-4089-849F-EDFF3884AE3C}"
EndProject
Global
	GlobalSection(SolutionConfigurationPlatforms) = preSolution
		Debug|Any CPU = Debug|Any CPU
		Debug|iPhone = Debug|iPhone
		Debug|iPhoneSimulator = Debug|iPhoneSimulator
		Release|Any CPU = Release|Any CPU
		Release|iPhone = Release|iPhone
		Release|iPhoneSimulator = Release|iPhoneSimulator
	EndGlobalSection
	GlobalSection(ProjectConfigurationPlatforms) = postSolution
		{D5B7129C-BB90-4299-AF09-D71B39DCB2B7}.Debug|Any CPU.ActiveCfg = Debug|Any CPU
		{D5B7129C-BB90-4299-AF09-D71B39DCB2B7}.Debug|Any CPU.Build.0 = Debug|Any CPU
		{D5B7129C-BB90-4299-AF09-D71B39DCB2B7}.Debug|Any CPU.Deploy.0 = Debug|Any CPU
		{D5B7129C-BB90-4299-AF09-D71B39DCB2B7}.Debug|iPhone.ActiveCfg = Debug|Any CPU
		{D5B7129C-BB90-4299-AF09-D71B39DCB2B7}.Debug|iPhone.Build.0 = Debug|Any CPU
		{D5B7129C-BB90-4299-AF09-D71B39DCB2B7}.Debug|iPhone.Deploy.0 = Debug|Any CPU
		{D5B7129C-BB90-4299-AF09-D71B39DCB2B7}.Debug|iPhoneSimulator.ActiveCfg = Debug|Any CPU
		{D5B7129C-BB90-4299-AF09-D71B39DCB2B7}.Debug|iPhoneSimulator.Build.0 = Debug|Any CPU
		{D5B7129C-BB90-4299-AF09-D71B39DCB2B7}.Debug|iPhoneSimulator.Deploy.0 = Debug|Any CPU
		{D5B7129C-BB90-4299-AF09-D71B39DCB2B7}.Release|Any CPU.ActiveCfg = Release|Any CPU
		{D5B7129C-BB90-4299-AF09-D71B39DCB2B7}.Release|Any CPU.Build.0 = Release|Any CPU
		{D5B7129C-BB90-4299-AF09-D71B39DCB2B7}.Release|Any CPU.Deploy.0 = Release|Any CPU
		{D5B7129C-BB90-4299-AF09-D71B39DCB2B7}.Release|iPhone.ActiveCfg = Release|Any CPU
		{D5B7129C-BB90-4299-AF09-D71B39DCB2B7}.Release|iPhone.Build.0 = Release|Any CPU
		{D5B7129C-BB90-4299-AF09-D71B39DCB2B7}.Release|iPhone.Deploy.0 = Release|Any CPU
		{D5B7129C-BB90-4299-AF09-D71B39DCB2B7}.Release|iPhoneSimulator.ActiveCfg = Release|Any CPU
		{D5B7129C-BB90-4299-AF09-D71B39DCB2B7}.Release|iPhoneSimulator.Build.0 = Release|Any CPU
		{D5B7129C-BB90-4299-AF09-D71B39DCB2B7}.Release|iPhoneSimulator.Deploy.0 = Release|Any CPU
		{EED19B6B-C5D6-4BB4-B1D8-E00F4198A3AE}.Debug|Any CPU.ActiveCfg = Debug|iPhone
		{EED19B6B-C5D6-4BB4-B1D8-E00F4198A3AE}.Debug|Any CPU.Build.0 = Debug|iPhone
		{EED19B6B-C5D6-4BB4-B1D8-E00F4198A3AE}.Debug|Any CPU.Deploy.0 = Debug|iPhone
		{EED19B6B-C5D6-4BB4-B1D8-E00F4198A3AE}.Debug|iPhone.ActiveCfg = Debug|iPhone
		{EED19B6B-C5D6-4BB4-B1D8-E00F4198A3AE}.Debug|iPhone.Build.0 = Debug|iPhone
		{EED19B6B-C5D6-4BB4-B1D8-E00F4198A3AE}.Debug|iPhone.Deploy.0 = Debug|iPhone
		{EED19B6B-C5D6-4BB4-B1D8-E00F4198A3AE}.Debug|iPhoneSimulator.ActiveCfg = Debug|iPhoneSimulator
		{EED19B6B-C5D6-4BB4-B1D8-E00F4198A3AE}.Debug|iPhoneSimulator.Build.0 = Debug|iPhoneSimulator
		{EED19B6B-C5D6-4BB4-B1D8-E00F4198A3AE}.Debug|iPhoneSimulator.Deploy.0 = Debug|iPhoneSimulator
		{EED19B6B-C5D6-4BB4-B1D8-E00F4198A3AE}.Release|Any CPU.ActiveCfg = Release|iPhoneSimulator
		{EED19B6B-C5D6-4BB4-B1D8-E00F4198A3AE}.Release|Any CPU.Build.0 = Release|iPhoneSimulator
		{EED19B6B-C5D6-4BB4-B1D8-E00F4198A3AE}.Release|Any CPU.Deploy.0 = Release|iPhoneSimulator
		{EED19B6B-C5D6-4BB4-B1D8-E00F4198A3AE}.Release|iPhone.ActiveCfg = Release|iPhone
		{EED19B6B-C5D6-4BB4-B1D8-E00F4198A3AE}.Release|iPhone.Build.0 = Release|iPhone
		{EED19B6B-C5D6-4BB4-B1D8-E00F4198A3AE}.Release|iPhone.Deploy.0 = Release|iPhone
		{EED19B6B-C5D6-4BB4-B1D8-E00F4198A3AE}.Release|iPhoneSimulator.ActiveCfg = Release|iPhoneSimulator
		{EED19B6B-C5D6-4BB4-B1D8-E00F4198A3AE}.Release|iPhoneSimulator.Build.0 = Release|iPhoneSimulator
		{EED19B6B-C5D6-4BB4-B1D8-E00F4198A3AE}.Release|iPhoneSimulator.Deploy.0 = Release|iPhoneSimulator
		{16F76D24-06A2-4089-849F-EDFF3884AE3C}.Debug|Any CPU.ActiveCfg = Debug|Any CPU
		{16F76D24-06A2-4089-849F-EDFF3884AE3C}.Debug|Any CPU.Build.0 = Debug|Any CPU
		{16F76D24-06A2-4089-849F-EDFF3884AE3C}.Debug|Any CPU.Deploy.0 = Debug|Any CPU
		{16F76D24-06A2-4089-849F-EDFF3884AE3C}.Debug|iPhone.ActiveCfg = Debug|Any CPU
		{16F76D24-06A2-4089-849F-EDFF3884AE3C}.Debug|iPhone.Build.0 = Debug|Any CPU
		{16F76D24-06A2-4089-849F-EDFF3884AE3C}.Debug|iPhone.Deploy.0 = Debug|Any CPU
		{16F76D24-06A2-4089-849F-EDFF3884AE3C}.Debug|iPhoneSimulator.ActiveCfg = Debug|Any CPU
		{16F76D24-06A2-4089-849F-EDFF3884AE3C}.Debug|iPhoneSimulator.Build.0 = Debug|Any CPU
		{16F76D24-06A2-4089-849F-EDFF3884AE3C}.Debug|iPhoneSimulator.Deploy.0 = Debug|Any CPU
		{16F76D24-06A2-4089-849F-EDFF3884AE3C}.Release|Any CPU.ActiveCfg = Release|Any CPU
		{16F76D24-06A2-4089-849F-EDFF3884AE3C}.Release|Any CPU.Build.0 = Release|Any CPU
		{16F76D24-06A2-4089-849F-EDFF3884AE3C}.Release|Any CPU.Deploy.0 = Release|Any CPU
		{16F76D24-06A2-4089-849F-EDFF3884AE3C}.Release|iPhone.ActiveCfg = Release|Any CPU
		{16F76D24-06A2-4089-849F-EDFF3884AE3C}.Release|iPhone.Build.0 = Release|Any CPU
		{16F76D24-06A2-4089-849F-EDFF3884AE3C}.Release|iPhone.Deploy.0 = Release|Any CPU
		{16F76D24-06A2-4089-849F-EDFF3884AE3C}.Release|iPhoneSimulator.ActiveCfg = Release|Any CPU
		{16F76D24-06A2-4089-849F-EDFF3884AE3C}.Release|iPhoneSimulator.Build.0 = Release|Any CPU
		{16F76D24-06A2-4089-849F-EDFF3884AE3C}.Release|iPhoneSimulator.Deploy.0 = Release|Any CPU
	EndGlobalSection
	GlobalSection(SolutionProperties) = preSolution
		HideSolutionNode = FALSE
	EndGlobalSection
	GlobalSection(ExtensibilityGlobals) = postSolution
		SolutionGuid = {83B74B16-54E3-4FB5-AECF-8D09D24E3C50}
	EndGlobalSection
EndGlobal
